
Microsoft Visual Studio Solution File, Format Version 12.00
# Visual Studio 15
VisualStudioVersion = 15.0.28307.329
MinimumVisualStudioVersion = 10.0.40219.1
Project("{FAE04EC0-301F-11D3-BF4B-00C04F79EFBC}") = "ChessBoard", "ChessBoard\ChessBoard.csproj", "{C7E14151-EEF1-462C-B675-FECDC8A7F87E}"
EndProject
Global
	GlobalSection(SolutionConfigurationPlatforms) = preSolution
		Debug|Any CPU = Debug|Any CPU
		Release|Any CPU = Release|Any CPU
	EndGlobalSection
	GlobalSection(ProjectConfigurationPlatforms) = postSolution
		{C7E14151-EEF1-462C-B675-FECDC8A7F87E}.Debug|Any CPU.ActiveCfg = Debug|Any CPU
		{C7E14151-EEF1-462C-B675-FECDC8A7F87E}.Debug|Any CPU.Build.0 = Debug|Any CPU
		{C7E14151-EEF1-462C-B675-FECDC8A7F87E}.Release|Any CPU.ActiveCfg = Release|Any CPU
		{C7E14151-EEF1-462C-B675-FECDC8A7F87E}.Release|Any CPU.Build.0 = Release|Any CPU
	EndGlobalSection
	GlobalSection(SolutionProperties) = preSolution
		HideSolutionNode = FALSE
	EndGlobalSection
	GlobalSection(ExtensibilityGlobals) = postSolution
		SolutionGuid = {B9216B67-A668-4741-A465-EE2CCA7053AE}
	EndGlobalSection
EndGlobal
